
Microsoft Visual Studio Solution File, Format Version 12.00
# Visual Studio Version 17
VisualStudioVersion = 17.9.34607.119
MinimumVisualStudioVersion = 10.0.40219.1
Project("{FAE04EC0-301F-11D3-BF4B-00C04F79EFBC}") = "Entrega2", "Entrega2\Entrega2.csproj", "{6814D6CB-4C40-4934-87DC-FB4A0A8FF004}"
EndProject
Project("{FAE04EC0-301F-11D3-BF4B-00C04F79EFBC}") = "Entrega2_Test", "Entrega2_Test\Entrega2_Test.csproj", "{68B7A37D-F65D-4545-B614-AAAC86C313E0}"
EndProject
Global
	GlobalSection(SolutionConfigurationPlatforms) = preSolution
		Debug|Any CPU = Debug|Any CPU
		Release|Any CPU = Release|Any CPU
	EndGlobalSection
	GlobalSection(ProjectConfigurationPlatforms) = postSolution
		{6814D6CB-4C40-4934-87DC-FB4A0A8FF004}.Debug|Any CPU.ActiveCfg = Debug|Any CPU
		{6814D6CB-4C40-4934-87DC-FB4A0A8FF004}.Debug|Any CPU.Build.0 = Debug|Any CPU
		{6814D6CB-4C40-4934-87DC-FB4A0A8FF004}.Release|Any CPU.ActiveCfg = Release|Any CPU
		{6814D6CB-4C40-4934-87DC-FB4A0A8FF004}.Release|Any CPU.Build.0 = Release|Any CPU
		{68B7A37D-F65D-4545-B614-AAAC86C313E0}.Debug|Any CPU.ActiveCfg = Debug|Any CPU
		{68B7A37D-F65D-4545-B614-AAAC86C313E0}.Debug|Any CPU.Build.0 = Debug|Any CPU
		{68B7A37D-F65D-4545-B614-AAAC86C313E0}.Release|Any CPU.ActiveCfg = Release|Any CPU
		{68B7A37D-F65D-4545-B614-AAAC86C313E0}.Release|Any CPU.Build.0 = Release|Any CPU
	EndGlobalSection
	GlobalSection(SolutionProperties) = preSolution
		HideSolutionNode = FALSE
	EndGlobalSection
	GlobalSection(ExtensibilityGlobals) = postSolution
		SolutionGuid = {D14ED730-18B6-492B-AE1C-D8D93DE77A49}
	EndGlobalSection
EndGlobal
